
Microsoft Visual Studio Solution File, Format Version 12.00
# Visual Studio Version 17
VisualStudioVersion = 17.2.32616.157
MinimumVisualStudioVersion = 10.0.40219.1
Project("{FAE04EC0-301F-11D3-BF4B-00C04F79EFBC}") = "TestEfContains", "TestEfContains\TestEfContains.csproj", "{87DE28B7-2EAC-498B-92A2-A7B4E12CF6DE}"
EndProject
Global
	GlobalSection(SolutionConfigurationPlatforms) = preSolution
		Debug|Any CPU = Debug|Any CPU
		Release|Any CPU = Release|Any CPU
	EndGlobalSection
	GlobalSection(ProjectConfigurationPlatforms) = postSolution
		{87DE28B7-2EAC-498B-92A2-A7B4E12CF6DE}.Debug|Any CPU.ActiveCfg = Debug|Any CPU
		{87DE28B7-2EAC-498B-92A2-A7B4E12CF6DE}.Debug|Any CPU.Build.0 = Debug|Any CPU
		{87DE28B7-2EAC-498B-92A2-A7B4E12CF6DE}.Release|Any CPU.ActiveCfg = Release|Any CPU
		{87DE28B7-2EAC-498B-92A2-A7B4E12CF6DE}.Release|Any CPU.Build.0 = Release|Any CPU
	EndGlobalSection
	GlobalSection(SolutionProperties) = preSolution
		HideSolutionNode = FALSE
	EndGlobalSection
	GlobalSection(ExtensibilityGlobals) = postSolution
		SolutionGuid = {80412009-C15A-4E9C-A665-89A86CE5783E}
	EndGlobalSection
EndGlobal
